// !$*UTF8*$!
{
	archiveVersion = 1;
	classes = {
	};
	objectVersion = 50;
	objects = {

/* Begin PBXBuildFile section */
		D330518B25529A35008243DD /* AppDelegate.swift in Sources */ = {isa = PBXBuildFile; fileRef = D330518A25529A35008243DD /* AppDelegate.swift */; };
		D330518D25529A35008243DD /* SceneDelegate.swift in Sources */ = {isa = PBXBuildFile; fileRef = D330518C25529A35008243DD /* SceneDelegate.swift */; };
		D330518F25529A35008243DD /* ViewController.swift in Sources */ = {isa = PBXBuildFile; fileRef = D330518E25529A35008243DD /* ViewController.swift */; };
		D330519425529A38008243DD /* Assets.xcassets in Resources */ = {isa = PBXBuildFile; fileRef = D330519325529A38008243DD /* Assets.xcassets */; };
		D33051A525529C06008243DD /* LoginViewController.swift in Sources */ = {isa = PBXBuildFile; fileRef = D33051A325529C06008243DD /* LoginViewController.swift */; };
		D33051A625529C06008243DD /* LoginViewController.xib in Resources */ = {isa = PBXBuildFile; fileRef = D33051A425529C06008243DD /* LoginViewController.xib */; };
		D33051AB2552A002008243DD /* MapViewController.swift in Sources */ = {isa = PBXBuildFile; fileRef = D33051A92552A002008243DD /* MapViewController.swift */; };
		D33051AC2552A002008243DD /* MapViewController.xib in Resources */ = {isa = PBXBuildFile; fileRef = D33051AA2552A002008243DD /* MapViewController.xib */; };
		D33051B12552A577008243DD /* Section3ViewController.swift in Sources */ = {isa = PBXBuildFile; fileRef = D33051AF2552A577008243DD /* Section3ViewController.swift */; };
		D33051B22552A577008243DD /* Section3ViewController.xib in Resources */ = {isa = PBXBuildFile; fileRef = D33051B02552A577008243DD /* Section3ViewController.xib */; };
		D33051B92552A5FC008243DD /* TableViewCell.swift in Sources */ = {isa = PBXBuildFile; fileRef = D33051B72552A5FC008243DD /* TableViewCell.swift */; };
		D33051BA2552A5FC008243DD /* TableViewCell.xib in Resources */ = {isa = PBXBuildFile; fileRef = D33051B82552A5FC008243DD /* TableViewCell.xib */; };
/* End PBXBuildFile section */

/* Begin PBXFileReference section */
		D330518725529A35008243DD /* HelmiTestProject.app */ = {isa = PBXFileReference; explicitFileType = wrapper.application; includeInIndex = 0; path = HelmiTestProject.app; sourceTree = BUILT_PRODUCTS_DIR; };
		D330518A25529A35008243DD /* AppDelegate.swift */ = {isa = PBXFileReference; lastKnownFileType = sourcecode.swift; path = AppDelegate.swift; sourceTree = "<group>"; };
		D330518C25529A35008243DD /* SceneDelegate.swift */ = {isa = PBXFileReference; lastKnownFileType = sourcecode.swift; path = SceneDelegate.swift; sourceTree = "<group>"; };
		D330518E25529A35008243DD /* ViewController.swift */ = {isa = PBXFileReference; lastKnownFileType = sourcecode.swift; path = ViewController.swift; sourceTree = "<group>"; };
		D330519325529A38008243DD /* Assets.xcassets */ = {isa = PBXFileReference; lastKnownFileType = folder.assetcatalog; path = Assets.xcassets; sourceTree = "<group>"; };
		D330519825529A38008243DD /* Info.plist */ = {isa = PBXFileReference; lastKnownFileType = text.plist.xml; path = Info.plist; sourceTree = "<group>"; };
		D33051A325529C06008243DD /* LoginViewController.swift */ = {isa = PBXFileReference; lastKnownFileType = sourcecode.swift; path = LoginViewController.swift; sourceTree = "<group>"; };
		D33051A425529C06008243DD /* LoginViewController.xib */ = {isa = PBXFileReference; lastKnownFileType = file.xib; path = LoginViewController.xib; sourceTree = "<group>"; };
		D33051A92552A002008243DD /* MapViewController.swift */ = {isa = PBXFileReference; lastKnownFileType = sourcecode.swift; path = MapViewController.swift; sourceTree = "<group>"; };
		D33051AA2552A002008243DD /* MapViewController.xib */ = {isa = PBXFileReference; lastKnownFileType = file.xib; path = MapViewController.xib; sourceTree = "<group>"; };
		D33051AF2552A577008243DD /* Section3ViewController.swift */ = {isa = PBXFileReference; lastKnownFileType = sourcecode.swift; path = Section3ViewController.swift; sourceTree = "<group>"; };
		D33051B02552A577008243DD /* Section3ViewController.xib */ = {isa = PBXFileReference; lastKnownFileType = file.xib; path = Section3ViewController.xib; sourceTree = "<group>"; };
		D33051B72552A5FC008243DD /* TableViewCell.swift */ = {isa = PBXFileReference; lastKnownFileType = sourcecode.swift; path = TableViewCell.swift; sourceTree = "<group>"; };
		D33051B82552A5FC008243DD /* TableViewCell.xib */ = {isa = PBXFileReference; lastKnownFileType = file.xib; path = TableViewCell.xib; sourceTree = "<group>"; };
/* End PBXFileReference section */

/* Begin PBXFrameworksBuildPhase section */
		D330518425529A35008243DD /* Frameworks */ = {
			isa = PBXFrameworksBuildPhase;
			buildActionMask = 2147483647;
			files = (
			);
			runOnlyForDeploymentPostprocessing = 0;
		};
/* End PBXFrameworksBuildPhase section */

/* Begin PBXGroup section */
		D330517E25529A35008243DD = {
			isa = PBXGroup;
			children = (
				D330518925529A35008243DD /* HelmiTestProject */,
				D330518825529A35008243DD /* Products */,
			);
			sourceTree = "<group>";
		};
		D330518825529A35008243DD /* Products */ = {
			isa = PBXGroup;
			children = (
				D330518725529A35008243DD /* HelmiTestProject.app */,
			);
			name = Products;
			sourceTree = "<group>";
		};
		D330518925529A35008243DD /* HelmiTestProject */ = {
			isa = PBXGroup;
			children = (
				D330519E25529BC7008243DD /* Modul */,
				D330518A25529A35008243DD /* AppDelegate.swift */,
				D330518C25529A35008243DD /* SceneDelegate.swift */,
				D330518E25529A35008243DD /* ViewController.swift */,
				D330519325529A38008243DD /* Assets.xcassets */,
				D330519825529A38008243DD /* Info.plist */,
			);
			path = HelmiTestProject;
			sourceTree = "<group>";
		};
		D330519E25529BC7008243DD /* Modul */ = {
			isa = PBXGroup;
			children = (
				D33051AD2552A556008243DD /* Section3 */,
				D33051A725529FE3008243DD /* Map */,
				D330519F25529BD5008243DD /* Login */,
			);
			path = Modul;
			sourceTree = "<group>";
		};
		D330519F25529BD5008243DD /* Login */ = {
			isa = PBXGroup;
			children = (
				D33051A225529BED008243DD /* Controller */,
				D33051A125529BE8008243DD /* View */,
				D33051A025529BE2008243DD /* Model */,
			);
			path = Login;
			sourceTree = "<group>";
		};
		D33051A025529BE2008243DD /* Model */ = {
			isa = PBXGroup;
			children = (
			);
			path = Model;
			sourceTree = "<group>";
		};
		D33051A125529BE8008243DD /* View */ = {
			isa = PBXGroup;
			children = (
				D33051A325529C06008243DD /* LoginViewController.swift */,
				D33051A425529C06008243DD /* LoginViewController.xib */,
			);
			path = View;
			sourceTree = "<group>";
		};
		D33051A225529BED008243DD /* Controller */ = {
			isa = PBXGroup;
			children = (
			);
			path = Controller;
			sourceTree = "<group>";
		};
		D33051A725529FE3008243DD /* Map */ = {
			isa = PBXGroup;
			children = (
				D33051A825529FEF008243DD /* View */,
			);
			path = Map;
			sourceTree = "<group>";
		};
		D33051A825529FEF008243DD /* View */ = {
			isa = PBXGroup;
			children = (
				D33051A92552A002008243DD /* MapViewController.swift */,
				D33051AA2552A002008243DD /* MapViewController.xib */,
			);
			path = View;
			sourceTree = "<group>";
		};
		D33051AD2552A556008243DD /* Section3 */ = {
			isa = PBXGroup;
			children = (
				D33051AE2552A565008243DD /* View */,
			);
			path = Section3;
			sourceTree = "<group>";
		};
		D33051AE2552A565008243DD /* View */ = {
			isa = PBXGroup;
			children = (
				D33051AF2552A577008243DD /* Section3ViewController.swift */,
				D33051B02552A577008243DD /* Section3ViewController.xib */,
				D33051B72552A5FC008243DD /* TableViewCell.swift */,
				D33051B82552A5FC008243DD /* TableViewCell.xib */,
			);
			path = View;
			sourceTree = "<group>";
		};
/* End PBXGroup section */

/* Begin PBXNativeTarget section */
		D330518625529A35008243DD /* HelmiTestProject */ = {
			isa = PBXNativeTarget;
			buildConfigurationList = D330519B25529A38008243DD /* Build configuration list for PBXNativeTarget "HelmiTestProject" */;
			buildPhases = (
				D330518325529A35008243DD /* Sources */,
				D330518425529A35008243DD /* Frameworks */,
				D330518525529A35008243DD /* Resources */,
			);
			buildRules = (
			);
			dependencies = (
			);
			name = HelmiTestProject;
			productName = HelmiTestProject;
			productReference = D330518725529A35008243DD /* HelmiTestProject.app */;
			productType = "com.apple.product-type.application";
		};
/* End PBXNativeTarget section */

/* Begin PBXProject section */
		D330517F25529A35008243DD /* Project object */ = {
			isa = PBXProject;
			attributes = {
				LastSwiftUpdateCheck = 1140;
				LastUpgradeCheck = 1140;
				ORGANIZATIONNAME = "helmi taufiq alhakim";
				TargetAttributes = {
					D330518625529A35008243DD = {
						CreatedOnToolsVersion = 11.4.1;
					};
				};
			};
			buildConfigurationList = D330518225529A35008243DD /* Build configuration list for PBXProject "HelmiTestProject" */;
			compatibilityVersion = "Xcode 9.3";
			developmentRegion = en;
			hasScannedForEncodings = 0;
			knownRegions = (
				en,
				Base,
			);
			mainGroup = D330517E25529A35008243DD;
			productRefGroup = D330518825529A35008243DD /* Products */;
			projectDirPath = "";
			projectRoot = "";
			targets = (
				D330518625529A35008243DD /* HelmiTestProject */,
			);
		};
/* End PBXProject section */

/* Begin PBXResourcesBuildPhase section */
		D330518525529A35008243DD /* Resources */ = {
			isa = PBXResourcesBuildPhase;
			buildActionMask = 2147483647;
			files = (
				D33051A625529C06008243DD /* LoginViewController.xib in Resources */,
				D33051BA2552A5FC008243DD /* TableViewCell.xib in Resources */,
				D33051AC2552A002008243DD /* MapViewController.xib in Resources */,
				D33051B22552A577008243DD /* Section3ViewController.xib in Resources */,
				D330519425529A38008243DD /* Assets.xcassets in Resources */,
			);
			runOnlyForDeploymentPostprocessing = 0;
		};
/* End PBXResourcesBuildPhase section */

/* Begin PBXSourcesBuildPhase section */
		D330518325529A35008243DD /* Sources */ = {
			isa = PBXSourcesBuildPhase;
			buildActionMask = 2147483647;
			files = (
				D33051A525529C06008243DD /* LoginViewController.swift in Sources */,
				D330518F25529A35008243DD /* ViewController.swift in Sources */,
				D33051B12552A577008243DD /* Section3ViewController.swift in Sources */,
				D330518B25529A35008243DD /* AppDelegate.swift in Sources */,
				D33051AB2552A002008243DD /* MapViewController.swift in Sources */,
				D33051B92552A5FC008243DD /* TableViewCell.swift in Sources */,
				D330518D25529A35008243DD /* SceneDelegate.swift in Sources */,
			);
			runOnlyForDeploymentPostprocessing = 0;
		};
/* End PBXSourcesBuildPhase section */

/* Begin XCBuildConfiguration section */
		D330519925529A38008243DD /* Debug */ = {
			isa = XCBuildConfiguration;
			buildSettings = {
				ALWAYS_SEARCH_USER_PATHS = NO;
				CLANG_ANALYZER_NONNULL = YES;
				CLANG_ANALYZER_NUMBER_OBJECT_CONVERSION = YES_AGGRESSIVE;
				CLANG_CXX_LANGUAGE_STANDARD = "gnu++14";
				CLANG_CXX_LIBRARY = "libc++";
				CLANG_ENABLE_MODULES = YES;
				CLANG_ENABLE_OBJC_ARC = YES;
				CLANG_ENABLE_OBJC_WEAK = YES;
				CLANG_WARN_BLOCK_CAPTURE_AUTORELEASING = YES;
				CLANG_WARN_BOOL_CONVERSION = YES;
				CLANG_WARN_COMMA = YES;
				CLANG_WARN_CONSTANT_CONVERSION = YES;
				CLANG_WARN_DEPRECATED_OBJC_IMPLEMENTATIONS = YES;
				CLANG_WARN_DIRECT_OBJC_ISA_USAGE = YES_ERROR;
				CLANG_WARN_DOCUMENTATION_COMMENTS = YES;
				CLANG_WARN_EMPTY_BODY = YES;
				CLANG_WARN_ENUM_CONVERSION = YES;
				CLANG_WARN_INFINITE_RECURSION = YES;
				CLANG_WARN_INT_CONVERSION = YES;
				CLANG_WARN_NON_LITERAL_NULL_CONVERSION = YES;
				CLANG_WARN_OBJC_IMPLICIT_RETAIN_SELF = YES;
				CLANG_WARN_OBJC_LITERAL_CONVERSION = YES;
				CLANG_WARN_OBJC_ROOT_CLASS = YES_ERROR;
				CLANG_WARN_RANGE_LOOP_ANALYSIS = YES;
				CLANG_WARN_STRICT_PROTOTYPES = YES;
				CLANG_WARN_SUSPICIOUS_MOVE = YES;
				CLANG_WARN_UNGUARDED_AVAILABILITY = YES_AGGRESSIVE;
				CLANG_WARN_UNREACHABLE_CODE = YES;
				CLANG_WARN__DUPLICATE_METHOD_MATCH = YES;
				COPY_PHASE_STRIP = NO;
				DEBUG_INFORMATION_FORMAT = dwarf;
				ENABLE_STRICT_OBJC_MSGSEND = YES;
				ENABLE_TESTABILITY = YES;
				GCC_C_LANGUAGE_STANDARD = gnu11;
				GCC_DYNAMIC_NO_PIC = NO;
				GCC_NO_COMMON_BLOCKS = YES;
				GCC_OPTIMIZATION_LEVEL = 0;
				GCC_PREPROCESSOR_DEFINITIONS = (
					"DEBUG=1",
					"$(inherited)",
				);
				GCC_WARN_64_TO_32_BIT_CONVERSION = YES;
				GCC_WARN_ABOUT_RETURN_TYPE = YES_ERROR;
				GCC_WARN_UNDECLARED_SELECTOR = YES;
				GCC_WARN_UNINITIALIZED_AUTOS = YES_AGGRESSIVE;
				GCC_WARN_UNUSED_FUNCTION = YES;
				GCC_WARN_UNUSED_VARIABLE = YES;
				IPHONEOS_DEPLOYMENT_TARGET = 13.4;
				MTL_ENABLE_DEBUG_INFO = INCLUDE_SOURCE;
				MTL_FAST_MATH = YES;
				ONLY_ACTIVE_ARCH = YES;
				SDKROOT = iphoneos;
				SWIFT_ACTIVE_COMPILATION_CONDITIONS = DEBUG;
				SWIFT_OPTIMIZATION_LEVEL = "-Onone";
			};
			name = Debug;
		};
		D330519A25529A38008243DD /* Release */ = {
			isa = XCBuildConfiguration;
			buildSettings = {
				ALWAYS_SEARCH_USER_PATHS = NO;
				CLANG_ANALYZER_NONNULL = YES;
				CLANG_ANALYZER_NUMBER_OBJECT_CONVERSION = YES_AGGRESSIVE;
				CLANG_CXX_LANGUAGE_STANDARD = "gnu++14";
				CLANG_CXX_LIBRARY = "libc++";
				CLANG_ENABLE_MODULES = YES;
				CLANG_ENABLE_OBJC_ARC = YES;
				CLANG_ENABLE_OBJC_WEAK = YES;
				CLANG_WARN_BLOCK_CAPTURE_AUTORELEASING = YES;
				CLANG_WARN_BOOL_CONVERSION = YES;
				CLANG_WARN_COMMA = YES;
				CLANG_WARN_CONSTANT_CONVERSION = YES;
				CLANG_WARN_DEPRECATED_OBJC_IMPLEMENTATIONS = YES;
				CLANG_WARN_DIRECT_OBJC_ISA_USAGE = YES_ERROR;
				CLANG_WARN_DOCUMENTATION_COMMENTS = YES;
				CLANG_WARN_EMPTY_BODY = YES;
				CLANG_WARN_ENUM_CONVERSION = YES;
				CLANG_WARN_INFINITE_RECURSION = YES;
				CLANG_WARN_INT_CONVERSION = YES;
				CLANG_WARN_NON_LITERAL_NULL_CONVERSION = YES;
				CLANG_WARN_OBJC_IMPLICIT_RETAIN_SELF = YES;
				CLANG_WARN_OBJC_LITERAL_CONVERSION = YES;
				CLANG_WARN_OBJC_ROOT_CLASS = YES_ERROR;
				CLANG_WARN_RANGE_LOOP_ANALYSIS = YES;
				CLANG_WARN_STRICT_PROTOTYPES = YES;
				CLANG_WARN_SUSPICIOUS_MOVE = YES;
				CLANG_WARN_UNGUARDED_AVAILABILITY = YES_AGGRESSIVE;
				CLANG_WARN_UNREACHABLE_CODE = YES;
				CLANG_WARN__DUPLICATE_METHOD_MATCH = YES;
				COPY_PHASE_STRIP = NO;
				DEBUG_INFORMATION_FORMAT = "dwarf-with-dsym";
				ENABLE_NS_ASSERTIONS = NO;
				ENABLE_STRICT_OBJC_MSGSEND = YES;
				GCC_C_LANGUAGE_STANDARD = gnu11;
				GCC_NO_COMMON_BLOCKS = YES;
				GCC_WARN_64_TO_32_BIT_CONVERSION = YES;
				GCC_WARN_ABOUT_RETURN_TYPE = YES_ERROR;
				GCC_WARN_UNDECLARED_SELECTOR = YES;
				GCC_WARN_UNINITIALIZED_AUTOS = YES_AGGRESSIVE;
				GCC_WARN_UNUSED_FUNCTION = YES;
				GCC_WARN_UNUSED_VARIABLE = YES;
				IPHONEOS_DEPLOYMENT_TARGET = 13.4;
				MTL_ENABLE_DEBUG_INFO = NO;
				MTL_FAST_MATH = YES;
				SDKROOT = iphoneos;
				SWIFT_COMPILATION_MODE = wholemodule;
				SWIFT_OPTIMIZATION_LEVEL = "-O";
				VALIDATE_PRODUCT = YES;
			};
			name = Release;
		};
		D330519C25529A38008243DD /* Debug */ = {
			isa = XCBuildConfiguration;
			buildSettings = {
				ASSETCATALOG_COMPILER_APPICON_NAME = AppIcon;
				CODE_SIGN_STYLE = Automatic;
				DEVELOPMENT_TEAM = DF39ZC3NK4;
				INFOPLIST_FILE = HelmiTestProject/Info.plist;
				LD_RUNPATH_SEARCH_PATHS = (
					"$(inherited)",
					"@executable_path/Frameworks",
				);
				PRODUCT_BUNDLE_IDENTIFIER = com.HelmiTaufiq.HelmiTestProject;
				PRODUCT_NAME = "$(TARGET_NAME)";
				SWIFT_VERSION = 4.0;
				TARGETED_DEVICE_FAMILY = "1,2";
			};
			name = Debug;
		};
		D330519D25529A38008243DD /* Release */ = {
			isa = XCBuildConfiguration;
			buildSettings = {
				ASSETCATALOG_COMPILER_APPICON_NAME = AppIcon;
				CODE_SIGN_STYLE = Automatic;
				DEVELOPMENT_TEAM = DF39ZC3NK4;
				INFOPLIST_FILE = HelmiTestProject/Info.plist;
				LD_RUNPATH_SEARCH_PATHS = (
					"$(inherited)",
					"@executable_path/Frameworks",
				);
				PRODUCT_BUNDLE_IDENTIFIER = com.HelmiTaufiq.HelmiTestProject;
				PRODUCT_NAME = "$(TARGET_NAME)";
				SWIFT_VERSION = 4.0;
				TARGETED_DEVICE_FAMILY = "1,2";
			};
			name = Release;
		};
/* End XCBuildConfiguration section */

/* Begin XCConfigurationList section */
		D330518225529A35008243DD /* Build configuration list for PBXProject "HelmiTestProject" */ = {
			isa = XCConfigurationList;
			buildConfigurations = (
				D330519925529A38008243DD /* Debug */,
				D330519A25529A38008243DD /* Release */,
			);
			defaultConfigurationIsVisible = 0;
			defaultConfigurationName = Release;
		};
		D330519B25529A38008243DD /* Build configuration list for PBXNativeTarget "HelmiTestProject" */ = {
			isa = XCConfigurationList;
			buildConfigurations = (
				D330519C25529A38008243DD /* Debug */,
				D330519D25529A38008243DD /* Release */,
			);
			defaultConfigurationIsVisible = 0;
			defaultConfigurationName = Release;
		};
/* End XCConfigurationList section */
	};
	rootObject = D330517F25529A35008243DD /* Project object */;
}
